
Microsoft Visual Studio Solution File, Format Version 12.00
# Visual Studio Version 16
VisualStudioVersion = 16.0.30114.105
MinimumVisualStudioVersion = 10.0.40219.1
Project("{F2A71F9B-5D33-465A-A702-920D77279786}") = "2021", "2021\2021.fsproj", "{AE20BA25-4F16-416E-B3DA-8E9BE3CD7681}"
EndProject
Project("{F2A71F9B-5D33-465A-A702-920D77279786}") = "2020", "2020\2020.fsproj", "{A978DFBF-8E01-40FB-BCB3-9B6AD7E5A26E}"
EndProject
Project("{F2A71F9B-5D33-465A-A702-920D77279786}") = "2015", "2015\2015.fsproj", "{72523FFE-99A6-4280-B39D-042B48E0D2D5}"
EndProject
Project("{F2A71F9B-5D33-465A-A702-920D77279786}") = "2022", "2022\2022.fsproj", "{721FA847-F93A-43AE-8289-D7B3AF29FB18}"
EndProject
Project("{2150E333-8FDC-42A3-9474-1A3956D46DE8}") = ".tools", ".tools", "{EBE115D9-2808-4A87-B570-2AB49A5CB4EB}"
	ProjectSection(SolutionItems) = preProject
		new-day.sh = new-day.sh
		Taskfile.yaml = Taskfile.yaml
	EndProjectSection
EndProject
Project("{2150E333-8FDC-42A3-9474-1A3956D46DE8}") = ".templates", ".templates", "{C578DF7D-F122-47BA-8619-03EB2F98545B}"
	ProjectSection(SolutionItems) = preProject
		.templates\code.fs = .templates\code.fs
		.templates\tests.fs = .templates\tests.fs
		.templates\input.fs = .templates\input.fs
	EndProjectSection
EndProject
Project("{F2A71F9B-5D33-465A-A702-920D77279786}") = "2023", "2023\2023.fsproj", "{A26B0B8D-7A54-43F1-AE63-B7B0A37BA5D4}"
EndProject
Global
	GlobalSection(SolutionConfigurationPlatforms) = preSolution
		Debug|Any CPU = Debug|Any CPU
		Release|Any CPU = Release|Any CPU
	EndGlobalSection
	GlobalSection(SolutionProperties) = preSolution
		HideSolutionNode = FALSE
	EndGlobalSection
	GlobalSection(ProjectConfigurationPlatforms) = postSolution
		{AE20BA25-4F16-416E-B3DA-8E9BE3CD7681}.Debug|Any CPU.ActiveCfg = Debug|Any CPU
		{AE20BA25-4F16-416E-B3DA-8E9BE3CD7681}.Debug|Any CPU.Build.0 = Debug|Any CPU
		{AE20BA25-4F16-416E-B3DA-8E9BE3CD7681}.Release|Any CPU.ActiveCfg = Release|Any CPU
		{AE20BA25-4F16-416E-B3DA-8E9BE3CD7681}.Release|Any CPU.Build.0 = Release|Any CPU
		{A978DFBF-8E01-40FB-BCB3-9B6AD7E5A26E}.Debug|Any CPU.ActiveCfg = Debug|Any CPU
		{A978DFBF-8E01-40FB-BCB3-9B6AD7E5A26E}.Debug|Any CPU.Build.0 = Debug|Any CPU
		{A978DFBF-8E01-40FB-BCB3-9B6AD7E5A26E}.Release|Any CPU.ActiveCfg = Release|Any CPU
		{A978DFBF-8E01-40FB-BCB3-9B6AD7E5A26E}.Release|Any CPU.Build.0 = Release|Any CPU
		{72523FFE-99A6-4280-B39D-042B48E0D2D5}.Debug|Any CPU.ActiveCfg = Debug|Any CPU
		{72523FFE-99A6-4280-B39D-042B48E0D2D5}.Debug|Any CPU.Build.0 = Debug|Any CPU
		{72523FFE-99A6-4280-B39D-042B48E0D2D5}.Release|Any CPU.ActiveCfg = Release|Any CPU
		{72523FFE-99A6-4280-B39D-042B48E0D2D5}.Release|Any CPU.Build.0 = Release|Any CPU
		{721FA847-F93A-43AE-8289-D7B3AF29FB18}.Debug|Any CPU.ActiveCfg = Debug|Any CPU
		{721FA847-F93A-43AE-8289-D7B3AF29FB18}.Debug|Any CPU.Build.0 = Debug|Any CPU
		{721FA847-F93A-43AE-8289-D7B3AF29FB18}.Release|Any CPU.ActiveCfg = Release|Any CPU
		{721FA847-F93A-43AE-8289-D7B3AF29FB18}.Release|Any CPU.Build.0 = Release|Any CPU
		{A26B0B8D-7A54-43F1-AE63-B7B0A37BA5D4}.Debug|Any CPU.ActiveCfg = Debug|Any CPU
		{A26B0B8D-7A54-43F1-AE63-B7B0A37BA5D4}.Debug|Any CPU.Build.0 = Debug|Any CPU
		{A26B0B8D-7A54-43F1-AE63-B7B0A37BA5D4}.Release|Any CPU.ActiveCfg = Release|Any CPU
		{A26B0B8D-7A54-43F1-AE63-B7B0A37BA5D4}.Release|Any CPU.Build.0 = Release|Any CPU
	EndGlobalSection
	GlobalSection(NestedProjects) = preSolution
	EndGlobalSection
EndGlobal
